
Microsoft Visual Studio Solution File, Format Version 12.00
# Visual Studio Version 17
VisualStudioVersion = 17.4.33205.214
MinimumVisualStudioVersion = 10.0.40219.1
Project("{9A19103F-16F7-4668-BE54-9A1E7A4F7556}") = "DoctorWho.Web", "DoctorWho.Web\DoctorWho.Web.csproj", "{8A1442BE-3B9C-4906-A30E-8EA2D995ECA5}"
EndProject
Project("{9A19103F-16F7-4668-BE54-9A1E7A4F7556}") = "DoctorWhoDomain", "DoctorWhoDomain\DoctorWhoDomain.csproj", "{335FF349-FF0B-48A4-8C93-BDCDF32C364C}"
EndProject
Project("{9A19103F-16F7-4668-BE54-9A1E7A4F7556}") = "DoctorWho.Db", "DoctorWho.Db\DoctorWho.Db.csproj", "{51269B37-A1D4-4600-BEEC-C2F45CD2BCCB}"
EndProject
Global
	GlobalSection(SolutionConfigurationPlatforms) = preSolution
		Debug|Any CPU = Debug|Any CPU
		Release|Any CPU = Release|Any CPU
	EndGlobalSection
	GlobalSection(ProjectConfigurationPlatforms) = postSolution
		{8A1442BE-3B9C-4906-A30E-8EA2D995ECA5}.Debug|Any CPU.ActiveCfg = Debug|Any CPU
		{8A1442BE-3B9C-4906-A30E-8EA2D995ECA5}.Debug|Any CPU.Build.0 = Debug|Any CPU
		{8A1442BE-3B9C-4906-A30E-8EA2D995ECA5}.Release|Any CPU.ActiveCfg = Release|Any CPU
		{8A1442BE-3B9C-4906-A30E-8EA2D995ECA5}.Release|Any CPU.Build.0 = Release|Any CPU
		{335FF349-FF0B-48A4-8C93-BDCDF32C364C}.Debug|Any CPU.ActiveCfg = Debug|Any CPU
		{335FF349-FF0B-48A4-8C93-BDCDF32C364C}.Debug|Any CPU.Build.0 = Debug|Any CPU
		{335FF349-FF0B-48A4-8C93-BDCDF32C364C}.Release|Any CPU.ActiveCfg = Release|Any CPU
		{335FF349-FF0B-48A4-8C93-BDCDF32C364C}.Release|Any CPU.Build.0 = Release|Any CPU
		{51269B37-A1D4-4600-BEEC-C2F45CD2BCCB}.Debug|Any CPU.ActiveCfg = Debug|Any CPU
		{51269B37-A1D4-4600-BEEC-C2F45CD2BCCB}.Debug|Any CPU.Build.0 = Debug|Any CPU
		{51269B37-A1D4-4600-BEEC-C2F45CD2BCCB}.Release|Any CPU.ActiveCfg = Release|Any CPU
		{51269B37-A1D4-4600-BEEC-C2F45CD2BCCB}.Release|Any CPU.Build.0 = Release|Any CPU
	EndGlobalSection
	GlobalSection(SolutionProperties) = preSolution
		HideSolutionNode = FALSE
	EndGlobalSection
	GlobalSection(ExtensibilityGlobals) = postSolution
		SolutionGuid = {8214D3E1-4101-44EC-BE09-B664C0D541C8}
	EndGlobalSection
EndGlobal
